PODS:
  - AFNetworking (2.5.4):
    - AFNetworking/NSURLConnection (= 2.5.4)
    - AFNetworking/NSURLSession (= 2.5.4)
    - AFNetworking/Reachability (= 2.5.4)
    - AFNetworking/Security (= 2.5.4)
    - AFNetworking/Serialization (= 2.5.4)
    - AFNetworking/UIKit (= 2.5.4)
  - AFNetworking/NSURLConnection (2.5.4):
    - AFNetworking/Reachability
    - AFNetworking/Security
    - AFNetworking/Serialization
  - AFNetworking/NSURLSession (2.5.4):
    - AFNetworking/Reachability
    - AFNetworking/Security
    - AFNetworking/Serialization
  - AFNetworking/Reachability (2.5.4)
  - AFNetworking/Security (2.5.4)
  - AFNetworking/Serialization (2.5.4)
  - AFNetworking/UIKit (2.5.4):
    - AFNetworking/NSURLConnection
    - AFNetworking/NSURLSession
  - MGJRouter (0.8.0)
  - TBJSONModel (0.0.5)
  - UIStyleSheetLib (1.0.0.44):
    - UIStyleSheetLib/Framework (= 1.0.0.44)
    - UIStyleSheetLib/Service (= 1.0.0.44)
  - UIStyleSheetLib/Framework (1.0.0.44)
  - UIStyleSheetLib/Service (1.0.0.44)

DEPENDENCIES:
  - AFNetworking
  - MGJRouter (~> 0.8.0)
  - TBJSONModel (~> 0.0.5)
  - UIStyleSheetLib (~> 1.0.0.43)

SPEC CHECKSUMS:
  AFNetworking: 7624013f82548483c463e8f32179f1d53c9ac000
  MGJRouter: 488cfded007fbc0efd039410f8dd82939b42225b
  TBJSONModel: 8a9cdf74b16e52cb0d0be5560a497e7733d13ba9
  UIStyleSheetLib: 03cfd2c79729c414fd51c95fda9c9e00b8a5b000

COCOAPODS: 0.35.0
